
Microsoft Visual Studio Solution File, Format Version 12.00
# Visual Studio Version 16
VisualStudioVersion = 16.0.32002.261
MinimumVisualStudioVersion = 10.0.40219.1
Project("{FAE04EC0-301F-11D3-BF4B-00C04F79EFBC}") = "AngularAndRestAPI", "AngularAndRestAPI\AngularAndRestAPI.csproj", "{EDD61DC1-F212-48FA-ABB2-E1ED0FE1E1D2}"
EndProject
Global
	GlobalSection(SolutionConfigurationPlatforms) = preSolution
		Debug|Any CPU = Debug|Any CPU
		Release|Any CPU = Release|Any CPU
	EndGlobalSection
	GlobalSection(ProjectConfigurationPlatforms) = postSolution
		{EDD61DC1-F212-48FA-ABB2-E1ED0FE1E1D2}.Debug|Any CPU.ActiveCfg = Debug|Any CPU
		{EDD61DC1-F212-48FA-ABB2-E1ED0FE1E1D2}.Debug|Any CPU.Build.0 = Debug|Any CPU
		{EDD61DC1-F212-48FA-ABB2-E1ED0FE1E1D2}.Release|Any CPU.ActiveCfg = Release|Any CPU
		{EDD61DC1-F212-48FA-ABB2-E1ED0FE1E1D2}.Release|Any CPU.Build.0 = Release|Any CPU
	EndGlobalSection
	GlobalSection(SolutionProperties) = preSolution
		HideSolutionNode = FALSE
	EndGlobalSection
	GlobalSection(ExtensibilityGlobals) = postSolution
		SolutionGuid = {6265AB41-2F76-45AE-8BEF-76C556A59897}
	EndGlobalSection
EndGlobal
